// !$*UTF8*$!
{
	archiveVersion = 1;
	classes = {
	};
	objectVersion = 55;
	objects = {

/* Begin PBXBuildFile section */
		7C7C29E428C833EC000F59A0 /* AppDelegate.swift in Sources */ = {isa = PBXBuildFile; fileRef = 7C7C29E328C833EC000F59A0 /* AppDelegate.swift */; };
		7C7C29E628C833EC000F59A0 /* SceneDelegate.swift in Sources */ = {isa = PBXBuildFile; fileRef = 7C7C29E528C833EC000F59A0 /* SceneDelegate.swift */; };
		7C7C29E828C833EC000F59A0 /* ViewController.swift in Sources */ = {isa = PBXBuildFile; fileRef = 7C7C29E728C833EC000F59A0 /* ViewController.swift */; };
		7C7C29EB28C833EC000F59A0 /* Main.storyboard in Resources */ = {isa = PBXBuildFile; fileRef = 7C7C29E928C833EC000F59A0 /* Main.storyboard */; };
		7C7C29ED28C833EF000F59A0 /* Assets.xcassets in Resources */ = {isa = PBXBuildFile; fileRef = 7C7C29EC28C833EF000F59A0 /* Assets.xcassets */; };
		7C7C29F028C833EF000F59A0 /* LaunchScreen.storyboard in Resources */ = {isa = PBXBuildFile; fileRef = 7C7C29EE28C833EF000F59A0 /* LaunchScreen.storyboard */; };
		7C7C29FB28C833EF000F59A0 /* _0220907testTests.swift in Sources */ = {isa = PBXBuildFile; fileRef = 7C7C29FA28C833EF000F59A0 /* _0220907testTests.swift */; };
		7C7C2A0528C833EF000F59A0 /* _0220907testUITests.swift in Sources */ = {isa = PBXBuildFile; fileRef = 7C7C2A0428C833EF000F59A0 /* _0220907testUITests.swift */; };
		7C7C2A0728C833EF000F59A0 /* _0220907testUITestsLaunchTests.swift in Sources */ = {isa = PBXBuildFile; fileRef = 7C7C2A0628C833EF000F59A0 /* _0220907testUITestsLaunchTests.swift */; };
/* End PBXBuildFile section */

/* Begin PBXContainerItemProxy section */
		7C7C29F728C833EF000F59A0 /* PBXContainerItemProxy */ = {
			isa = PBXContainerItemProxy;
			containerPortal = 7C7C29D828C833EC000F59A0 /* Project object */;
			proxyType = 1;
			remoteGlobalIDString = 7C7C29DF28C833EC000F59A0;
			remoteInfo = 20220907test;
		};
		7C7C2A0128C833EF000F59A0 /* PBXContainerItemProxy */ = {
			isa = PBXContainerItemProxy;
			containerPortal = 7C7C29D828C833EC000F59A0 /* Project object */;
			proxyType = 1;
			remoteGlobalIDString = 7C7C29DF28C833EC000F59A0;
			remoteInfo = 20220907test;
		};
/* End PBXContainerItemProxy section */

/* Begin PBXFileReference section */
		7C7C29E028C833EC000F59A0 /* 20220907test.app */ = {isa = PBXFileReference; explicitFileType = wrapper.application; includeInIndex = 0; path = 20220907test.app; sourceTree = BUILT_PRODUCTS_DIR; };
		7C7C29E328C833EC000F59A0 /* AppDelegate.swift */ = {isa = PBXFileReference; lastKnownFileType = sourcecode.swift; path = AppDelegate.swift; sourceTree = "<group>"; };
		7C7C29E528C833EC000F59A0 /* SceneDelegate.swift */ = {isa = PBXFileReference; lastKnownFileType = sourcecode.swift; path = SceneDelegate.swift; sourceTree = "<group>"; };
		7C7C29E728C833EC000F59A0 /* ViewController.swift */ = {isa = PBXFileReference; lastKnownFileType = sourcecode.swift; path = ViewController.swift; sourceTree = "<group>"; };
		7C7C29EA28C833EC000F59A0 /* Base */ = {isa = PBXFileReference; lastKnownFileType = file.storyboard; name = Base; path = Base.lproj/Main.storyboard; sourceTree = "<group>"; };
		7C7C29EC28C833EF000F59A0 /* Assets.xcassets */ = {isa = PBXFileReference; lastKnownFileType = folder.assetcatalog; path = Assets.xcassets; sourceTree = "<group>"; };
		7C7C29EF28C833EF000F59A0 /* Base */ = {isa = PBXFileReference; lastKnownFileType = file.storyboard; name = Base; path = Base.lproj/LaunchScreen.storyboard; sourceTree = "<group>"; };
		7C7C29F128C833EF000F59A0 /* Info.plist */ = {isa = PBXFileReference; lastKnownFileType = text.plist.xml; path = Info.plist; sourceTree = "<group>"; };
		7C7C29F628C833EF000F59A0 /* 20220907testTests.xctest */ = {isa = PBXFileReference; explicitFileType = wrapper.cfbundle; includeInIndex = 0; path = 20220907testTests.xctest; sourceTree = BUILT_PRODUCTS_DIR; };
		7C7C29FA28C833EF000F59A0 /* _0220907testTests.swift */ = {isa = PBXFileReference; lastKnownFileType = sourcecode.swift; path = _0220907testTests.swift; sourceTree = "<group>"; };
		7C7C2A0028C833EF000F59A0 /* 20220907testUITests.xctest */ = {isa = PBXFileReference; explicitFileType = wrapper.cfbundle; includeInIndex = 0; path = 20220907testUITests.xctest; sourceTree = BUILT_PRODUCTS_DIR; };
		7C7C2A0428C833EF000F59A0 /* _0220907testUITests.swift */ = {isa = PBXFileReference; lastKnownFileType = sourcecode.swift; path = _0220907testUITests.swift; sourceTree = "<group>"; };
		7C7C2A0628C833EF000F59A0 /* _0220907testUITestsLaunchTests.swift */ = {isa = PBXFileReference; lastKnownFileType = sourcecode.swift; path = _0220907testUITestsLaunchTests.swift; sourceTree = "<group>"; };
/* End PBXFileReference section */

/* Begin PBXFrameworksBuildPhase section */
		7C7C29DD28C833EC000F59A0 /* Frameworks */ = {
			isa = PBXFrameworksBuildPhase;
			buildActionMask = 2147483647;
			files = (
			);
			runOnlyForDeploymentPostprocessing = 0;
		};
		7C7C29F328C833EF000F59A0 /* Frameworks */ = {
			isa = PBXFrameworksBuildPhase;
			buildActionMask = 2147483647;
			files = (
			);
			runOnlyForDeploymentPostprocessing = 0;
		};
		7C7C29FD28C833EF000F59A0 /* Frameworks */ = {
			isa = PBXFrameworksBuildPhase;
			buildActionMask = 2147483647;
			files = (
			);
			runOnlyForDeploymentPostprocessing = 0;
		};
/* End PBXFrameworksBuildPhase section */

/* Begin PBXGroup section */
		7C7C29D728C833EC000F59A0 = {
			isa = PBXGroup;
			children = (
				7C7C29E228C833EC000F59A0 /* 20220907test */,
				7C7C29F928C833EF000F59A0 /* 20220907testTests */,
				7C7C2A0328C833EF000F59A0 /* 20220907testUITests */,
				7C7C29E128C833EC000F59A0 /* Products */,
			);
			sourceTree = "<group>";
		};
		7C7C29E128C833EC000F59A0 /* Products */ = {
			isa = PBXGroup;
			children = (
				7C7C29E028C833EC000F59A0 /* 20220907test.app */,
				7C7C29F628C833EF000F59A0 /* 20220907testTests.xctest */,
				7C7C2A0028C833EF000F59A0 /* 20220907testUITests.xctest */,
			);
			name = Products;
			sourceTree = "<group>";
		};
		7C7C29E228C833EC000F59A0 /* 20220907test */ = {
			isa = PBXGroup;
			children = (
				7C7C29E328C833EC000F59A0 /* AppDelegate.swift */,
				7C7C29E528C833EC000F59A0 /* SceneDelegate.swift */,
				7C7C29E728C833EC000F59A0 /* ViewController.swift */,
				7C7C29E928C833EC000F59A0 /* Main.storyboard */,
				7C7C29EC28C833EF000F59A0 /* Assets.xcassets */,
				7C7C29EE28C833EF000F59A0 /* LaunchScreen.storyboard */,
				7C7C29F128C833EF000F59A0 /* Info.plist */,
			);
			path = 20220907test;
			sourceTree = "<group>";
		};
		7C7C29F928C833EF000F59A0 /* 20220907testTests */ = {
			isa = PBXGroup;
			children = (
				7C7C29FA28C833EF000F59A0 /* _0220907testTests.swift */,
			);
			path = 20220907testTests;
			sourceTree = "<group>";
		};
		7C7C2A0328C833EF000F59A0 /* 20220907testUITests */ = {
			isa = PBXGroup;
			children = (
				7C7C2A0428C833EF000F59A0 /* _0220907testUITests.swift */,
				7C7C2A0628C833EF000F59A0 /* _0220907testUITestsLaunchTests.swift */,
			);
			path = 20220907testUITests;
			sourceTree = "<group>";
		};
/* End PBXGroup section */

/* Begin PBXNativeTarget section */
		7C7C29DF28C833EC000F59A0 /* 20220907test */ = {
			isa = PBXNativeTarget;
			buildConfigurationList = 7C7C2A0A28C833EF000F59A0 /* Build configuration list for PBXNativeTarget "20220907test" */;
			buildPhases = (
				7C7C29DC28C833EC000F59A0 /* Sources */,
				7C7C29DD28C833EC000F59A0 /* Frameworks */,
				7C7C29DE28C833EC000F59A0 /* Resources */,
			);
			buildRules = (
			);
			dependencies = (
			);
			name = 20220907test;
			productName = 20220907test;
			productReference = 7C7C29E028C833EC000F59A0 /* 20220907test.app */;
			productType = "com.apple.product-type.application";
		};
		7C7C29F528C833EF000F59A0 /* 20220907testTests */ = {
			isa = PBXNativeTarget;
			buildConfigurationList = 7C7C2A0D28C833EF000F59A0 /* Build configuration list for PBXNativeTarget "20220907testTests" */;
			buildPhases = (
				7C7C29F228C833EF000F59A0 /* Sources */,
				7C7C29F328C833EF000F59A0 /* Frameworks */,
				7C7C29F428C833EF000F59A0 /* Resources */,
			);
			buildRules = (
			);
			dependencies = (
				7C7C29F828C833EF000F59A0 /* PBXTargetDependency */,
			);
			name = 20220907testTests;
			productName = 20220907testTests;
			productReference = 7C7C29F628C833EF000F59A0 /* 20220907testTests.xctest */;
			productType = "com.apple.product-type.bundle.unit-test";
		};
		7C7C29FF28C833EF000F59A0 /* 20220907testUITests */ = {
			isa = PBXNativeTarget;
			buildConfigurationList = 7C7C2A1028C833EF000F59A0 /* Build configuration list for PBXNativeTarget "20220907testUITests" */;
			buildPhases = (
				7C7C29FC28C833EF000F59A0 /* Sources */,
				7C7C29FD28C833EF000F59A0 /* Frameworks */,
				7C7C29FE28C833EF000F59A0 /* Resources */,
			);
			buildRules = (
			);
			dependencies = (
				7C7C2A0228C833EF000F59A0 /* PBXTargetDependency */,
			);
			name = 20220907testUITests;
			productName = 20220907testUITests;
			productReference = 7C7C2A0028C833EF000F59A0 /* 20220907testUITests.xctest */;
			productType = "com.apple.product-type.bundle.ui-testing";
		};
/* End PBXNativeTarget section */

/* Begin PBXProject section */
		7C7C29D828C833EC000F59A0 /* Project object */ = {
			isa = PBXProject;
			attributes = {
				BuildIndependentTargetsInParallel = 1;
				LastSwiftUpdateCheck = 1340;
				LastUpgradeCheck = 1340;
				TargetAttributes = {
					7C7C29DF28C833EC000F59A0 = {
						CreatedOnToolsVersion = 13.4.1;
					};
					7C7C29F528C833EF000F59A0 = {
						CreatedOnToolsVersion = 13.4.1;
						TestTargetID = 7C7C29DF28C833EC000F59A0;
					};
					7C7C29FF28C833EF000F59A0 = {
						CreatedOnToolsVersion = 13.4.1;
						TestTargetID = 7C7C29DF28C833EC000F59A0;
					};
				};
			};
			buildConfigurationList = 7C7C29DB28C833EC000F59A0 /* Build configuration list for PBXProject "20220907test" */;
			compatibilityVersion = "Xcode 13.0";
			developmentRegion = en;
			hasScannedForEncodings = 0;
			knownRegions = (
				en,
				Base,
			);
			mainGroup = 7C7C29D728C833EC000F59A0;
			productRefGroup = 7C7C29E128C833EC000F59A0 /* Products */;
			projectDirPath = "";
			projectRoot = "";
			targets = (
				7C7C29DF28C833EC000F59A0 /* 20220907test */,
				7C7C29F528C833EF000F59A0 /* 20220907testTests */,
				7C7C29FF28C833EF000F59A0 /* 20220907testUITests */,
			);
		};
/* End PBXProject section */

/* Begin PBXResourcesBuildPhase section */
		7C7C29DE28C833EC000F59A0 /* Resources */ = {
			isa = PBXResourcesBuildPhase;
			buildActionMask = 2147483647;
			files = (
				7C7C29F028C833EF000F59A0 /* LaunchScreen.storyboard in Resources */,
				7C7C29ED28C833EF000F59A0 /* Assets.xcassets in Resources */,
				7C7C29EB28C833EC000F59A0 /* Main.storyboard in Resources */,
			);
			runOnlyForDeploymentPostprocessing = 0;
		};
		7C7C29F428C833EF000F59A0 /* Resources */ = {
			isa = PBXResourcesBuildPhase;
			buildActionMask = 2147483647;
			files = (
			);
			runOnlyForDeploymentPostprocessing = 0;
		};
		7C7C29FE28C833EF000F59A0 /* Resources */ = {
			isa = PBXResourcesBuildPhase;
			buildActionMask = 2147483647;
			files = (
			);
			runOnlyForDeploymentPostprocessing = 0;
		};
/* End PBXResourcesBuildPhase section */

/* Begin PBXSourcesBuildPhase section */
		7C7C29DC28C833EC000F59A0 /* Sources */ = {
			isa = PBXSourcesBuildPhase;
			buildActionMask = 2147483647;
			files = (
				7C7C29E828C833EC000F59A0 /* ViewController.swift in Sources */,
				7C7C29E428C833EC000F59A0 /* AppDelegate.swift in Sources */,
				7C7C29E628C833EC000F59A0 /* SceneDelegate.swift in Sources */,
			);
			runOnlyForDeploymentPostprocessing = 0;
		};
		7C7C29F228C833EF000F59A0 /* Sources */ = {
			isa = PBXSourcesBuildPhase;
			buildActionMask = 2147483647;
			files = (
				7C7C29FB28C833EF000F59A0 /* _0220907testTests.swift in Sources */,
			);
			runOnlyForDeploymentPostprocessing = 0;
		};
		7C7C29FC28C833EF000F59A0 /* Sources */ = {
			isa = PBXSourcesBuildPhase;
			buildActionMask = 2147483647;
			files = (
				7C7C2A0528C833EF000F59A0 /* _0220907testUITests.swift in Sources */,
				7C7C2A0728C833EF000F59A0 /* _0220907testUITestsLaunchTests.swift in Sources */,
			);
			runOnlyForDeploymentPostprocessing = 0;
		};
/* End PBXSourcesBuildPhase section */

/* Begin PBXTargetDependency section */
		7C7C29F828C833EF000F59A0 /* PBXTargetDependency */ = {
			isa = PBXTargetDependency;
			target = 7C7C29DF28C833EC000F59A0 /* 20220907test */;
			targetProxy = 7C7C29F728C833EF000F59A0 /* PBXContainerItemProxy */;
		};
		7C7C2A0228C833EF000F59A0 /* PBXTargetDependency */ = {
			isa = PBXTargetDependency;
			target = 7C7C29DF28C833EC000F59A0 /* 20220907test */;
			targetProxy = 7C7C2A0128C833EF000F59A0 /* PBXContainerItemProxy */;
		};
/* End PBXTargetDependency section */

/* Begin PBXVariantGroup section */
		7C7C29E928C833EC000F59A0 /* Main.storyboard */ = {
			isa = PBXVariantGroup;
			children = (
				7C7C29EA28C833EC000F59A0 /* Base */,
			);
			name = Main.storyboard;
			sourceTree = "<group>";
		};
		7C7C29EE28C833EF000F59A0 /* LaunchScreen.storyboard */ = {
			isa = PBXVariantGroup;
			children = (
				7C7C29EF28C833EF000F59A0 /* Base */,
			);
			name = LaunchScreen.storyboard;
			sourceTree = "<group>";
		};
/* End PBXVariantGroup section */

/* Begin XCBuildConfiguration section */
		7C7C2A0828C833EF000F59A0 /* Debug */ = {
			isa = XCBuildConfiguration;
			buildSettings = {
				ALWAYS_SEARCH_USER_PATHS = NO;
				CLANG_ANALYZER_NONNULL = YES;
				CLANG_ANALYZER_NUMBER_OBJECT_CONVERSION = YES_AGGRESSIVE;
				CLANG_CXX_LANGUAGE_STANDARD = "gnu++17";
				CLANG_ENABLE_MODULES = YES;
				CLANG_ENABLE_OBJC_ARC = YES;
				CLANG_ENABLE_OBJC_WEAK = YES;
				CLANG_WARN_BLOCK_CAPTURE_AUTORELEASING = YES;
				CLANG_WARN_BOOL_CONVERSION = YES;
				CLANG_WARN_COMMA = YES;
				CLANG_WARN_CONSTANT_CONVERSION = YES;
				CLANG_WARN_DEPRECATED_OBJC_IMPLEMENTATIONS = YES;
				CLANG_WARN_DIRECT_OBJC_ISA_USAGE = YES_ERROR;
				CLANG_WARN_DOCUMENTATION_COMMENTS = YES;
				CLANG_WARN_EMPTY_BODY = YES;
				CLANG_WARN_ENUM_CONVERSION = YES;
				CLANG_WARN_INFINITE_RECURSION = YES;
				CLANG_WARN_INT_CONVERSION = YES;
				CLANG_WARN_NON_LITERAL_NULL_CONVERSION = YES;
				CLANG_WARN_OBJC_IMPLICIT_RETAIN_SELF = YES;
				CLANG_WARN_OBJC_LITERAL_CONVERSION = YES;
				CLANG_WARN_OBJC_ROOT_CLASS = YES_ERROR;
				CLANG_WARN_QUOTED_INCLUDE_IN_FRAMEWORK_HEADER = YES;
				CLANG_WARN_RANGE_LOOP_ANALYSIS = YES;
				CLANG_WARN_STRICT_PROTOTYPES = YES;
				CLANG_WARN_SUSPICIOUS_MOVE = YES;
				CLANG_WARN_UNGUARDED_AVAILABILITY = YES_AGGRESSIVE;
				CLANG_WARN_UNREACHABLE_CODE = YES;
				CLANG_WARN__DUPLICATE_METHOD_MATCH = YES;
				COPY_PHASE_STRIP = NO;
				DEBUG_INFORMATION_FORMAT = dwarf;
				ENABLE_STRICT_OBJC_MSGSEND = YES;
				ENABLE_TESTABILITY = YES;
				GCC_C_LANGUAGE_STANDARD = gnu11;
				GCC_DYNAMIC_NO_PIC = NO;
				GCC_NO_COMMON_BLOCKS = YES;
				GCC_OPTIMIZATION_LEVEL = 0;
				GCC_PREPROCESSOR_DEFINITIONS = (
					"DEBUG=1",
					"$(inherited)",
				);
				GCC_WARN_64_TO_32_BIT_CONVERSION = YES;
				GCC_WARN_ABOUT_RETURN_TYPE = YES_ERROR;
				GCC_WARN_UNDECLARED_SELECTOR = YES;
				GCC_WARN_UNINITIALIZED_AUTOS = YES_AGGRESSIVE;
				GCC_WARN_UNUSED_FUNCTION = YES;
				GCC_WARN_UNUSED_VARIABLE = YES;
				IPHONEOS_DEPLOYMENT_TARGET = 15.5;
				MTL_ENABLE_DEBUG_INFO = INCLUDE_SOURCE;
				MTL_FAST_MATH = YES;
				ONLY_ACTIVE_ARCH = YES;
				SDKROOT = iphoneos;
				SWIFT_ACTIVE_COMPILATION_CONDITIONS = DEBUG;
				SWIFT_OPTIMIZATION_LEVEL = "-Onone";
			};
			name = Debug;
		};
		7C7C2A0928C833EF000F59A0 /* Release */ = {
			isa = XCBuildConfiguration;
			buildSettings = {
				ALWAYS_SEARCH_USER_PATHS = NO;
				CLANG_ANALYZER_NONNULL = YES;
				CLANG_ANALYZER_NUMBER_OBJECT_CONVERSION = YES_AGGRESSIVE;
				CLANG_CXX_LANGUAGE_STANDARD = "gnu++17";
				CLANG_ENABLE_MODULES = YES;
				CLANG_ENABLE_OBJC_ARC = YES;
				CLANG_ENABLE_OBJC_WEAK = YES;
				CLANG_WARN_BLOCK_CAPTURE_AUTORELEASING = YES;
				CLANG_WARN_BOOL_CONVERSION = YES;
				CLANG_WARN_COMMA = YES;
				CLANG_WARN_CONSTANT_CONVERSION = YES;
				CLANG_WARN_DEPRECATED_OBJC_IMPLEMENTATIONS = YES;
				CLANG_WARN_DIRECT_OBJC_ISA_USAGE = YES_ERROR;
				CLANG_WARN_DOCUMENTATION_COMMENTS = YES;
				CLANG_WARN_EMPTY_BODY = YES;
				CLANG_WARN_ENUM_CONVERSION = YES;
				CLANG_WARN_INFINITE_RECURSION = YES;
				CLANG_WARN_INT_CONVERSION = YES;
				CLANG_WARN_NON_LITERAL_NULL_CONVERSION = YES;
				CLANG_WARN_OBJC_IMPLICIT_RETAIN_SELF = YES;
				CLANG_WARN_OBJC_LITERAL_CONVERSION = YES;
				CLANG_WARN_OBJC_ROOT_CLASS = YES_ERROR;
				CLANG_WARN_QUOTED_INCLUDE_IN_FRAMEWORK_HEADER = YES;
				CLANG_WARN_RANGE_LOOP_ANALYSIS = YES;
				CLANG_WARN_STRICT_PROTOTYPES = YES;
				CLANG_WARN_SUSPICIOUS_MOVE = YES;
				CLANG_WARN_UNGUARDED_AVAILABILITY = YES_AGGRESSIVE;
				CLANG_WARN_UNREACHABLE_CODE = YES;
				CLANG_WARN__DUPLICATE_METHOD_MATCH = YES;
				COPY_PHASE_STRIP = NO;
				DEBUG_INFORMATION_FORMAT = "dwarf-with-dsym";
				ENABLE_NS_ASSERTIONS = NO;
				ENABLE_STRICT_OBJC_MSGSEND = YES;
				GCC_C_LANGUAGE_STANDARD = gnu11;
				GCC_NO_COMMON_BLOCKS = YES;
				GCC_WARN_64_TO_32_BIT_CONVERSION = YES;
				GCC_WARN_ABOUT_RETURN_TYPE = YES_ERROR;
				GCC_WARN_UNDECLARED_SELECTOR = YES;
				GCC_WARN_UNINITIALIZED_AUTOS = YES_AGGRESSIVE;
				GCC_WARN_UNUSED_FUNCTION = YES;
				GCC_WARN_UNUSED_VARIABLE = YES;
				IPHONEOS_DEPLOYMENT_TARGET = 15.5;
				MTL_ENABLE_DEBUG_INFO = NO;
				MTL_FAST_MATH = YES;
				SDKROOT = iphoneos;
				SWIFT_COMPILATION_MODE = wholemodule;
				SWIFT_OPTIMIZATION_LEVEL = "-O";
				VALIDATE_PRODUCT = YES;
			};
			name = Release;
		};
		7C7C2A0B28C833EF000F59A0 /* Debug */ = {
			isa = XCBuildConfiguration;
			buildSettings = {
				ASSETCATALOG_COMPILER_APPICON_NAME = AppIcon;
				ASSETCATALOG_COMPILER_GLOBAL_ACCENT_COLOR_NAME = AccentColor;
				CODE_SIGN_STYLE = Automatic;
				CURRENT_PROJECT_VERSION = 1;
				DEVELOPMENT_TEAM = F9L94B5MBK;
				GENERATE_INFOPLIST_FILE = YES;
				INFOPLIST_FILE = 20220907test/Info.plist;
				INFOPLIST_KEY_UIApplicationSupportsIndirectInputEvents = YES;
				INFOPLIST_KEY_UILaunchStoryboardName = LaunchScreen;
				INFOPLIST_KEY_UIMainStoryboardFile = Main;
				INFOPLIST_KEY_UISupportedInterfaceOrientations_iPad = "UIInterfaceOrientationPortrait UIInterfaceOrientationPortraitUpsideDown UIInterfaceOrientationLandscapeLeft UIInterfaceOrientationLandscapeRight";
				INFOPLIST_KEY_UISupportedInterfaceOrientations_iPhone = "UIInterfaceOrientationPortrait UIInterfaceOrientationLandscapeLeft UIInterfaceOrientationLandscapeRight";
				LD_RUNPATH_SEARCH_PATHS = (
					"$(inherited)",
					"@executable_path/Frameworks",
				);
				MARKETING_VERSION = 1.0;
				PRODUCT_BUNDLE_IDENTIFIER = "com.haku.myapp.-0220907test";
				PRODUCT_NAME = "$(TARGET_NAME)";
				SWIFT_EMIT_LOC_STRINGS = YES;
				SWIFT_VERSION = 5.0;
				TARGETED_DEVICE_FAMILY = "1,2";
			};
			name = Debug;
		};
		7C7C2A0C28C833EF000F59A0 /* Release */ = {
			isa = XCBuildConfiguration;
			buildSettings = {
				ASSETCATALOG_COMPILER_APPICON_NAME = AppIcon;
				ASSETCATALOG_COMPILER_GLOBAL_ACCENT_COLOR_NAME = AccentColor;
				CODE_SIGN_STYLE = Automatic;
				CURRENT_PROJECT_VERSION = 1;
				DEVELOPMENT_TEAM = F9L94B5MBK;
				GENERATE_INFOPLIST_FILE = YES;
				INFOPLIST_FILE = 20220907test/Info.plist;
				INFOPLIST_KEY_UIApplicationSupportsIndirectInputEvents = YES;
				INFOPLIST_KEY_UILaunchStoryboardName = LaunchScreen;
				INFOPLIST_KEY_UIMainStoryboardFile = Main;
				INFOPLIST_KEY_UISupportedInterfaceOrientations_iPad = "UIInterfaceOrientationPortrait UIInterfaceOrientationPortraitUpsideDown UIInterfaceOrientationLandscapeLeft UIInterfaceOrientationLandscapeRight";
				INFOPLIST_KEY_UISupportedInterfaceOrientations_iPhone = "UIInterfaceOrientationPortrait UIInterfaceOrientationLandscapeLeft UIInterfaceOrientationLandscapeRight";
				LD_RUNPATH_SEARCH_PATHS = (
					"$(inherited)",
					"@executable_path/Frameworks",
				);
				MARKETING_VERSION = 1.0;
				PRODUCT_BUNDLE_IDENTIFIER = "com.haku.myapp.-0220907test";
				PRODUCT_NAME = "$(TARGET_NAME)";
				SWIFT_EMIT_LOC_STRINGS = YES;
				SWIFT_VERSION = 5.0;
				TARGETED_DEVICE_FAMILY = "1,2";
			};
			name = Release;
		};
		7C7C2A0E28C833EF000F59A0 /* Debug */ = {
			isa = XCBuildConfiguration;
			buildSettings = {
				ALWAYS_EMBED_SWIFT_STANDARD_LIBRARIES = YES;
				BUNDLE_LOADER = "$(TEST_HOST)";
				CODE_SIGN_STYLE = Automatic;
				CURRENT_PROJECT_VERSION = 1;
				DEVELOPMENT_TEAM = F9L94B5MBK;
				GENERATE_INFOPLIST_FILE = YES;
				IPHONEOS_DEPLOYMENT_TARGET = 15.5;
				MARKETING_VERSION = 1.0;
				PRODUCT_BUNDLE_IDENTIFIER = "com.haku.myapp.-0220907testTests";
				PRODUCT_NAME = "$(TARGET_NAME)";
				SWIFT_EMIT_LOC_STRINGS = NO;
				SWIFT_VERSION = 5.0;
				TARGETED_DEVICE_FAMILY = "1,2";
				TEST_HOST = "$(BUILT_PRODUCTS_DIR)/20220907test.app/20220907test";
			};
			name = Debug;
		};
		7C7C2A0F28C833EF000F59A0 /* Release */ = {
			isa = XCBuildConfiguration;
			buildSettings = {
				ALWAYS_EMBED_SWIFT_STANDARD_LIBRARIES = YES;
				BUNDLE_LOADER = "$(TEST_HOST)";
				CODE_SIGN_STYLE = Automatic;
				CURRENT_PROJECT_VERSION = 1;
				DEVELOPMENT_TEAM = F9L94B5MBK;
				GENERATE_INFOPLIST_FILE = YES;
				IPHONEOS_DEPLOYMENT_TARGET = 15.5;
				MARKETING_VERSION = 1.0;
				PRODUCT_BUNDLE_IDENTIFIER = "com.haku.myapp.-0220907testTests";
				PRODUCT_NAME = "$(TARGET_NAME)";
				SWIFT_EMIT_LOC_STRINGS = NO;
				SWIFT_VERSION = 5.0;
				TARGETED_DEVICE_FAMILY = "1,2";
				TEST_HOST = "$(BUILT_PRODUCTS_DIR)/20220907test.app/20220907test";
			};
			name = Release;
		};
		7C7C2A1128C833EF000F59A0 /* Debug */ = {
			isa = XCBuildConfiguration;
			buildSettings = {
				ALWAYS_EMBED_SWIFT_STANDARD_LIBRARIES = YES;
				CODE_SIGN_STYLE = Automatic;
				CURRENT_PROJECT_VERSION = 1;
				DEVELOPMENT_TEAM = F9L94B5MBK;
				GENERATE_INFOPLIST_FILE = YES;
				MARKETING_VERSION = 1.0;
				PRODUCT_BUNDLE_IDENTIFIER = "com.haku.myapp.-0220907testUITests";
				PRODUCT_NAME = "$(TARGET_NAME)";
				SWIFT_EMIT_LOC_STRINGS = NO;
				SWIFT_VERSION = 5.0;
				TARGETED_DEVICE_FAMILY = "1,2";
				TEST_TARGET_NAME = 20220907test;
			};
			name = Debug;
		};
		7C7C2A1228C833EF000F59A0 /* Release */ = {
			isa = XCBuildConfiguration;
			buildSettings = {
				ALWAYS_EMBED_SWIFT_STANDARD_LIBRARIES = YES;
				CODE_SIGN_STYLE = Automatic;
				CURRENT_PROJECT_VERSION = 1;
				DEVELOPMENT_TEAM = F9L94B5MBK;
				GENERATE_INFOPLIST_FILE = YES;
				MARKETING_VERSION = 1.0;
				PRODUCT_BUNDLE_IDENTIFIER = "com.haku.myapp.-0220907testUITests";
				PRODUCT_NAME = "$(TARGET_NAME)";
				SWIFT_EMIT_LOC_STRINGS = NO;
				SWIFT_VERSION = 5.0;
				TARGETED_DEVICE_FAMILY = "1,2";
				TEST_TARGET_NAME = 20220907test;
			};
			name = Release;
		};
/* End XCBuildConfiguration section */

/* Begin XCConfigurationList section */
		7C7C29DB28C833EC000F59A0 /* Build configuration list for PBXProject "20220907test" */ = {
			isa = XCConfigurationList;
			buildConfigurations = (
				7C7C2A0828C833EF000F59A0 /* Debug */,
				7C7C2A0928C833EF000F59A0 /* Release */,
			);
			defaultConfigurationIsVisible = 0;
			defaultConfigurationName = Release;
		};
		7C7C2A0A28C833EF000F59A0 /* Build configuration list for PBXNativeTarget "20220907test" */ = {
			isa = XCConfigurationList;
			buildConfigurations = (
				7C7C2A0B28C833EF000F59A0 /* Debug */,
				7C7C2A0C28C833EF000F59A0 /* Release */,
			);
			defaultConfigurationIsVisible = 0;
			defaultConfigurationName = Release;
		};
		7C7C2A0D28C833EF000F59A0 /* Build configuration list for PBXNativeTarget "20220907testTests" */ = {
			isa = XCConfigurationList;
			buildConfigurations = (
				7C7C2A0E28C833EF000F59A0 /* Debug */,
				7C7C2A0F28C833EF000F59A0 /* Release */,
			);
			defaultConfigurationIsVisible = 0;
			defaultConfigurationName = Release;
		};
		7C7C2A1028C833EF000F59A0 /* Build configuration list for PBXNativeTarget "20220907testUITests" */ = {
			isa = XCConfigurationList;
			buildConfigurations = (
				7C7C2A1128C833EF000F59A0 /* Debug */,
				7C7C2A1228C833EF000F59A0 /* Release */,
			);
			defaultConfigurationIsVisible = 0;
			defaultConfigurationName = Release;
		};
/* End XCConfigurationList section */
	};
	rootObject = 7C7C29D828C833EC000F59A0 /* Project object */;
}
